
Microsoft Visual Studio Solution File, Format Version 12.00
# Visual Studio 15
VisualStudioVersion = 15.0.28010.2026
MinimumVisualStudioVersion = 10.0.40219.1
Project("{D2ABAB84-BF74-430A-B69E-9DC6D40DDA17}") = "MultidimensionalProject1", "MultidimensionalProject1\MultidimensionalProject1.dwproj", "{C853BFA8-D7CA-4D53-8C1F-BF4855DC581F}"
EndProject
Global
	GlobalSection(SolutionConfigurationPlatforms) = preSolution
		Development|Default = Development|Default
	EndGlobalSection
	GlobalSection(ProjectConfigurationPlatforms) = postSolution
		{C853BFA8-D7CA-4D53-8C1F-BF4855DC581F}.Development|Default.ActiveCfg = Development
		{C853BFA8-D7CA-4D53-8C1F-BF4855DC581F}.Development|Default.Build.0 = Development
		{C853BFA8-D7CA-4D53-8C1F-BF4855DC581F}.Development|Default.Deploy.0 = Development
	EndGlobalSection
	GlobalSection(SolutionProperties) = preSolution
		HideSolutionNode = FALSE
	EndGlobalSection
	GlobalSection(ExtensibilityGlobals) = postSolution
		SolutionGuid = {F620B313-977F-443D-A74F-CA451A857EE8}
	EndGlobalSection
EndGlobal
